
Microsoft Visual Studio Solution File, Format Version 12.00
# Visual Studio Version 17
VisualStudioVersion = 17.3.32825.248
MinimumVisualStudioVersion = 10.0.40219.1
Project("{FAE04EC0-301F-11D3-BF4B-00C04F79EFBC}") = "EjercicioFinoTCP", "EjercicioFinoTCP\EjercicioFinoTCP.csproj", "{DD3D5738-B947-4C53-90CA-BB90528C3BED}"
EndProject
Global
	GlobalSection(SolutionConfigurationPlatforms) = preSolution
		Debug|Any CPU = Debug|Any CPU
		Release|Any CPU = Release|Any CPU
	EndGlobalSection
	GlobalSection(ProjectConfigurationPlatforms) = postSolution
		{DD3D5738-B947-4C53-90CA-BB90528C3BED}.Debug|Any CPU.ActiveCfg = Debug|Any CPU
		{DD3D5738-B947-4C53-90CA-BB90528C3BED}.Debug|Any CPU.Build.0 = Debug|Any CPU
		{DD3D5738-B947-4C53-90CA-BB90528C3BED}.Release|Any CPU.ActiveCfg = Release|Any CPU
		{DD3D5738-B947-4C53-90CA-BB90528C3BED}.Release|Any CPU.Build.0 = Release|Any CPU
	EndGlobalSection
	GlobalSection(SolutionProperties) = preSolution
		HideSolutionNode = FALSE
	EndGlobalSection
	GlobalSection(ExtensibilityGlobals) = postSolution
		SolutionGuid = {0EB8E186-BF6F-4719-8C17-7C8340027855}
	EndGlobalSection
EndGlobal
